{
  "name": "handy",
  "lockfileVersion": 3,
  "requires": true,
  "packages": {
    "": {
      "dependencies": {
        "@rnbws/renecss": "^0.0.2",
        "@rnbws/svg-icon.js": "^0.0.1"
      }
    },
    "node_modules/@rnbws/renecss": {
      "version": "0.0.2",
      "resolved": "https://registry.npmjs.org/@rnbws/renecss/-/renecss-0.0.2.tgz",
      "integrity": "sha512-nmFAbnazynIdYgNXMp0WMEMwSkf0leUEmSeMl1ZNTE6dwG7nnib3FFeU//wYOh1tPn6/i0m79Y8ajsHuc1R+DQ=="
    },
    "node_modules/@rnbws/svg-icon.js": {
      "version": "0.0.1",
      "resolved": "https://registry.npmjs.org/@rnbws/svg-icon.js/-/svg-icon.js-0.0.1.tgz",
      "integrity": "sha512-sQ7Vbh8w6LMRcoIaou3QYZlUISXiQ8gFvjRnTR/5izzv1IVH8SYoEf9xEk+OHaR5BYp+JnZhfha3BYLx5DZAHQ==",
      "bin": {
        "svg-icon.js": "src/index.js"
      }
    }
  }
}
